{
  "originHash" : "069e240ff03ff29ccf9fc8ae32aeb1b7312e9c361cbeb4eb469e06bc21b7193e",
  "pins" : [
    {
      "identity" : "clifoundation",
      "kind" : "remoteSourceControl",
      "location" : "https://github.com/henrik-dmg/CLIFoundation",
      "state" : {
        "revision" : "f9a4cd483b205fae1f0e6c106203c5e469492102",
        "version" : "0.8.0"
      }
    },
    {
      "identity" : "hpimageutils",
      "kind" : "remoteSourceControl",
      "location" : "https://github.com/henrik-dmg/HPImageUtils",
      "state" : {
        "branch" : "main",
        "revision" : "12206fa2a6de421de4ca5e71ddf218325c17941c"
      }
    },
    {
      "identity" : "swift-argument-parser",
      "kind" : "remoteSourceControl",
      "location" : "https://github.com/apple/swift-argument-parser",
      "state" : {
        "revision" : "c5d11a805e765f52ba34ec7284bd4fcd6ba68615",
        "version" : "1.7.0"
      }
    }
  ],
  "version" : 3
}
